
Microsoft Visual Studio Solution File, Format Version 12.00
# Visual Studio Version 16
VisualStudioVersion = 16.0.31313.79
MinimumVisualStudioVersion = 10.0.40219.1
Project("{FAE04EC0-301F-11D3-BF4B-00C04F79EFBC}") = "Metodos y Arrays - C2 Ej16", "Metodos y Arrays - C2 Ej16\Metodos y Arrays - C2 Ej16.csproj", "{3D7B3D3A-0973-4224-BE09-C22CBAC4FCC4}"
EndProject
Global
	GlobalSection(SolutionConfigurationPlatforms) = preSolution
		Debug|Any CPU = Debug|Any CPU
		Release|Any CPU = Release|Any CPU
	EndGlobalSection
	GlobalSection(ProjectConfigurationPlatforms) = postSolution
		{3D7B3D3A-0973-4224-BE09-C22CBAC4FCC4}.Debug|Any CPU.ActiveCfg = Debug|Any CPU
		{3D7B3D3A-0973-4224-BE09-C22CBAC4FCC4}.Debug|Any CPU.Build.0 = Debug|Any CPU
		{3D7B3D3A-0973-4224-BE09-C22CBAC4FCC4}.Release|Any CPU.ActiveCfg = Release|Any CPU
		{3D7B3D3A-0973-4224-BE09-C22CBAC4FCC4}.Release|Any CPU.Build.0 = Release|Any CPU
	EndGlobalSection
	GlobalSection(SolutionProperties) = preSolution
		HideSolutionNode = FALSE
	EndGlobalSection
	GlobalSection(ExtensibilityGlobals) = postSolution
		SolutionGuid = {CB2102D3-D283-4618-9705-EB45D8EEDFD8}
	EndGlobalSection
EndGlobal
